// !$*UTF8*$!
{
	archiveVersion = 1;
	classes = {
	};
	objectVersion = 46;
	objects = {

/* Begin PBXBuildFile section */
		0DA9BBCC1927E287004A9E62 /* Foundation.framework in Frameworks */ = {isa = PBXBuildFile; fileRef = 0DA9BBCB1927E287004A9E62 /* Foundation.framework */; };
		0DA9BBCE1927E287004A9E62 /* CoreGraphics.framework in Frameworks */ = {isa = PBXBuildFile; fileRef = 0DA9BBCD1927E287004A9E62 /* CoreGraphics.framework */; };
		0DA9BBD01927E287004A9E62 /* UIKit.framework in Frameworks */ = {isa = PBXBuildFile; fileRef = 0DA9BBCF1927E287004A9E62 /* UIKit.framework */; };
		0DA9BBD61927E287004A9E62 /* InfoPlist.strings in Resources */ = {isa = PBXBuildFile; fileRef = 0DA9BBD41927E287004A9E62 /* InfoPlist.strings */; };
		0DA9BBD81927E287004A9E62 /* main.m in Sources */ = {isa = PBXBuildFile; fileRef = 0DA9BBD71927E287004A9E62 /* main.m */; };
		0DA9BBDC1927E288004A9E62 /* VideoAppDelegate.m in Sources */ = {isa = PBXBuildFile; fileRef = 0DA9BBDB1927E288004A9E62 /* VideoAppDelegate.m */; };
		0DA9BBDF1927E288004A9E62 /* Main.storyboard in Resources */ = {isa = PBXBuildFile; fileRef = 0DA9BBDD1927E288004A9E62 /* Main.storyboard */; };
		0DA9BBE21927E288004A9E62 /* VideoViewController.m in Sources */ = {isa = PBXBuildFile; fileRef = 0DA9BBE11927E288004A9E62 /* VideoViewController.m */; };
		0DA9BBE41927E288004A9E62 /* Images.xcassets in Resources */ = {isa = PBXBuildFile; fileRef = 0DA9BBE31927E288004A9E62 /* Images.xcassets */; };
		0DA9BBEB1927E288004A9E62 /* XCTest.framework in Frameworks */ = {isa = PBXBuildFile; fileRef = 0DA9BBEA1927E288004A9E62 /* XCTest.framework */; };
		0DA9BBEC1927E288004A9E62 /* Foundation.framework in Frameworks */ = {isa = PBXBuildFile; fileRef = 0DA9BBCB1927E287004A9E62 /* Foundation.framework */; };
		0DA9BBED1927E288004A9E62 /* UIKit.framework in Frameworks */ = {isa = PBXBuildFile; fileRef = 0DA9BBCF1927E287004A9E62 /* UIKit.framework */; };
		0DA9BBF51927E288004A9E62 /* InfoPlist.strings in Resources */ = {isa = PBXBuildFile; fileRef = 0DA9BBF31927E288004A9E62 /* InfoPlist.strings */; };
		0DA9BBF71927E288004A9E62 /* VideoTests.m in Sources */ = {isa = PBXBuildFile; fileRef = 0DA9BBF61927E288004A9E62 /* VideoTests.m */; };
		0DA9BC031927E913004A9E62 /* ted.mp4 in Resources */ = {isa = PBXBuildFile; fileRef = 0DA9BC021927E913004A9E62 /* ted.mp4 */; };
		0DA9BC051927EA85004A9E62 /* AVFoundation.framework in Frameworks */ = {isa = PBXBuildFile; fileRef = 0DA9BC041927EA85004A9E62 /* AVFoundation.framework */; };
		0DA9BC071927F266004A9E62 /* song.mp3 in Resources */ = {isa = PBXBuildFile; fileRef = 0DA9BC061927F266004A9E62 /* song.mp3 */; };
/* End PBXBuildFile section */

/* Begin PBXContainerItemProxy section */
		0DA9BBEE1927E288004A9E62 /* PBXContainerItemProxy */ = {
			isa = PBXContainerItemProxy;
			containerPortal = 0DA9BBC01927E287004A9E62 /* Project object */;
			proxyType = 1;
			remoteGlobalIDString = 0DA9BBC71927E287004A9E62;
			remoteInfo = Video;
		};
/* End PBXContainerItemProxy section */

/* Begin PBXFileReference section */
		0DA9BBC81927E287004A9E62 /* Video.app */ = {isa = PBXFileReference; explicitFileType = wrapper.application; includeInIndex = 0; path = Video.app; sourceTree = BUILT_PRODUCTS_DIR; };
		0DA9BBCB1927E287004A9E62 /* Foundation.framework */ = {isa = PBXFileReference; lastKnownFileType = wrapper.framework; name = Foundation.framework; path = System/Library/Frameworks/Foundation.framework; sourceTree = SDKROOT; };
		0DA9BBCD1927E287004A9E62 /* CoreGraphics.framework */ = {isa = PBXFileReference; lastKnownFileType = wrapper.framework; name = CoreGraphics.framework; path = System/Library/Frameworks/CoreGraphics.framework; sourceTree = SDKROOT; };
		0DA9BBCF1927E287004A9E62 /* UIKit.framework */ = {isa = PBXFileReference; lastKnownFileType = wrapper.framework; name = UIKit.framework; path = System/Library/Frameworks/UIKit.framework; sourceTree = SDKROOT; };
		0DA9BBD31927E287004A9E62 /* Video-Info.plist */ = {isa = PBXFileReference; lastKnownFileType = text.plist.xml; path = "Video-Info.plist"; sourceTree = "<group>"; };
		0DA9BBD51927E287004A9E62 /* en */ = {isa = PBXFileReference; lastKnownFileType = text.plist.strings; name = en; path = en.lproj/InfoPlist.strings; sourceTree = "<group>"; };
		0DA9BBD71927E287004A9E62 /* main.m */ = {isa = PBXFileReference; lastKnownFileType = sourcecode.c.objc; path = main.m; sourceTree = "<group>"; };
		0DA9BBD91927E287004A9E62 /* Video-Prefix.pch */ = {isa = PBXFileReference; lastKnownFileType = sourcecode.c.h; path = "Video-Prefix.pch"; sourceTree = "<group>"; };
		0DA9BBDA1927E287004A9E62 /* VideoAppDelegate.h */ = {isa = PBXFileReference; lastKnownFileType = sourcecode.c.h; path = VideoAppDelegate.h; sourceTree = "<group>"; };
		0DA9BBDB1927E288004A9E62 /* VideoAppDelegate.m */ = {isa = PBXFileReference; lastKnownFileType = sourcecode.c.objc; path = VideoAppDelegate.m; sourceTree = "<group>"; };
		0DA9BBDE1927E288004A9E62 /* Base */ = {isa = PBXFileReference; lastKnownFileType = file.storyboard; name = Base; path = Base.lproj/Main.storyboard; sourceTree = "<group>"; };
		0DA9BBE01927E288004A9E62 /* VideoViewController.h */ = {isa = PBXFileReference; lastKnownFileType = sourcecode.c.h; path = VideoViewController.h; sourceTree = "<group>"; };
		0DA9BBE11927E288004A9E62 /* VideoViewController.m */ = {isa = PBXFileReference; lastKnownFileType = sourcecode.c.objc; path = VideoViewController.m; sourceTree = "<group>"; };
		0DA9BBE31927E288004A9E62 /* Images.xcassets */ = {isa = PBXFileReference; lastKnownFileType = folder.assetcatalog; path = Images.xcassets; sourceTree = "<group>"; };
		0DA9BBE91927E288004A9E62 /* VideoTests.xctest */ = {isa = PBXFileReference; explicitFileType = wrapper.cfbundle; includeInIndex = 0; path = VideoTests.xctest; sourceTree = BUILT_PRODUCTS_DIR; };
		0DA9BBEA1927E288004A9E62 /* XCTest.framework */ = {isa = PBXFileReference; lastKnownFileType = wrapper.framework; name = XCTest.framework; path = Library/Frameworks/XCTest.framework; sourceTree = DEVELOPER_DIR; };
		0DA9BBF21927E288004A9E62 /* VideoTests-Info.plist */ = {isa = PBXFileReference; lastKnownFileType = text.plist.xml; path = "VideoTests-Info.plist"; sourceTree = "<group>"; };
		0DA9BBF41927E288004A9E62 /* en */ = {isa = PBXFileReference; lastKnownFileType = text.plist.strings; name = en; path = en.lproj/InfoPlist.strings; sourceTree = "<group>"; };
		0DA9BBF61927E288004A9E62 /* VideoTests.m */ = {isa = PBXFileReference; lastKnownFileType = sourcecode.c.objc; path = VideoTests.m; sourceTree = "<group>"; };
		0DA9BC001927E534004A9E62 /* MediaPlayer.framework */ = {isa = PBXFileReference; lastKnownFileType = wrapper.framework; name = MediaPlayer.framework; path = System/Library/Frameworks/MediaPlayer.framework; sourceTree = SDKROOT; };
		0DA9BC021927E913004A9E62 /* ted.mp4 */ = {isa = PBXFileReference; lastKnownFileType = file; path = ted.mp4; sourceTree = "<group>"; };
		0DA9BC041927EA85004A9E62 /* AVFoundation.framework */ = {isa = PBXFileReference; lastKnownFileType = wrapper.framework; name = AVFoundation.framework; path = System/Library/Frameworks/AVFoundation.framework; sourceTree = SDKROOT; };
		0DA9BC061927F266004A9E62 /* song.mp3 */ = {isa = PBXFileReference; lastKnownFileType = audio.mp3; path = song.mp3; sourceTree = "<group>"; };
/* End PBXFileReference section */

/* Begin PBXFrameworksBuildPhase section */
		0DA9BBC51927E287004A9E62 /* Frameworks */ = {
			isa = PBXFrameworksBuildPhase;
			buildActionMask = 2147483647;
			files = (
				0DA9BC051927EA85004A9E62 /* AVFoundation.framework in Frameworks */,
				0DA9BBCE1927E287004A9E62 /* CoreGraphics.framework in Frameworks */,
				0DA9BBD01927E287004A9E62 /* UIKit.framework in Frameworks */,
				0DA9BBCC1927E287004A9E62 /* Foundation.framework in Frameworks */,
			);
			runOnlyForDeploymentPostprocessing = 0;
		};
		0DA9BBE61927E288004A9E62 /* Frameworks */ = {
			isa = PBXFrameworksBuildPhase;
			buildActionMask = 2147483647;
			files = (
				0DA9BBEB1927E288004A9E62 /* XCTest.framework in Frameworks */,
				0DA9BBED1927E288004A9E62 /* UIKit.framework in Frameworks */,
				0DA9BBEC1927E288004A9E62 /* Foundation.framework in Frameworks */,
			);
			runOnlyForDeploymentPostprocessing = 0;
		};
/* End PBXFrameworksBuildPhase section */

/* Begin PBXGroup section */
		0DA9BBBF1927E287004A9E62 = {
			isa = PBXGroup;
			children = (
				0DA9BBD11927E287004A9E62 /* Video */,
				0DA9BBF01927E288004A9E62 /* VideoTests */,
				0DA9BBCA1927E287004A9E62 /* Frameworks */,
				0DA9BBC91927E287004A9E62 /* Products */,
			);
			sourceTree = "<group>";
		};
		0DA9BBC91927E287004A9E62 /* Products */ = {
			isa = PBXGroup;
			children = (
				0DA9BBC81927E287004A9E62 /* Video.app */,
				0DA9BBE91927E288004A9E62 /* VideoTests.xctest */,
			);
			name = Products;
			sourceTree = "<group>";
		};
		0DA9BBCA1927E287004A9E62 /* Frameworks */ = {
			isa = PBXGroup;
			children = (
				0DA9BC041927EA85004A9E62 /* AVFoundation.framework */,
				0DA9BC001927E534004A9E62 /* MediaPlayer.framework */,
				0DA9BBCB1927E287004A9E62 /* Foundation.framework */,
				0DA9BBCD1927E287004A9E62 /* CoreGraphics.framework */,
				0DA9BBCF1927E287004A9E62 /* UIKit.framework */,
				0DA9BBEA1927E288004A9E62 /* XCTest.framework */,
			);
			name = Frameworks;
			sourceTree = "<group>";
		};
		0DA9BBD11927E287004A9E62 /* Video */ = {
			isa = PBXGroup;
			children = (
				0DA9BC061927F266004A9E62 /* song.mp3 */,
				0DA9BC021927E913004A9E62 /* ted.mp4 */,
				0DA9BBDA1927E287004A9E62 /* VideoAppDelegate.h */,
				0DA9BBDB1927E288004A9E62 /* VideoAppDelegate.m */,
				0DA9BBDD1927E288004A9E62 /* Main.storyboard */,
				0DA9BBE01927E288004A9E62 /* VideoViewController.h */,
				0DA9BBE11927E288004A9E62 /* VideoViewController.m */,
				0DA9BBE31927E288004A9E62 /* Images.xcassets */,
				0DA9BBD21927E287004A9E62 /* Supporting Files */,
			);
			path = Video;
			sourceTree = "<group>";
		};
		0DA9BBD21927E287004A9E62 /* Supporting Files */ = {
			isa = PBXGroup;
			children = (
				0DA9BBD31927E287004A9E62 /* Video-Info.plist */,
				0DA9BBD41927E287004A9E62 /* InfoPlist.strings */,
				0DA9BBD71927E287004A9E62 /* main.m */,
				0DA9BBD91927E287004A9E62 /* Video-Prefix.pch */,
			);
			name = "Supporting Files";
			sourceTree = "<group>";
		};
		0DA9BBF01927E288004A9E62 /* VideoTests */ = {
			isa = PBXGroup;
			children = (
				0DA9BBF61927E288004A9E62 /* VideoTests.m */,
				0DA9BBF11927E288004A9E62 /* Supporting Files */,
			);
			path = VideoTests;
			sourceTree = "<group>";
		};
		0DA9BBF11927E288004A9E62 /* Supporting Files */ = {
			isa = PBXGroup;
			children = (
				0DA9BBF21927E288004A9E62 /* VideoTests-Info.plist */,
				0DA9BBF31927E288004A9E62 /* InfoPlist.strings */,
			);
			name = "Supporting Files";
			sourceTree = "<group>";
		};
/* End PBXGroup section */

/* Begin PBXNativeTarget section */
		0DA9BBC71927E287004A9E62 /* Video */ = {
			isa = PBXNativeTarget;
			buildConfigurationList = 0DA9BBFA1927E288004A9E62 /* Build configuration list for PBXNativeTarget "Video" */;
			buildPhases = (
				0DA9BBC41927E287004A9E62 /* Sources */,
				0DA9BBC51927E287004A9E62 /* Frameworks */,
				0DA9BBC61927E287004A9E62 /* Resources */,
			);
			buildRules = (
			);
			dependencies = (
			);
			name = Video;
			productName = Video;
			productReference = 0DA9BBC81927E287004A9E62 /* Video.app */;
			productType = "com.apple.product-type.application";
		};
		0DA9BBE81927E288004A9E62 /* VideoTests */ = {
			isa = PBXNativeTarget;
			buildConfigurationList = 0DA9BBFD1927E288004A9E62 /* Build configuration list for PBXNativeTarget "VideoTests" */;
			buildPhases = (
				0DA9BBE51927E288004A9E62 /* Sources */,
				0DA9BBE61927E288004A9E62 /* Frameworks */,
				0DA9BBE71927E288004A9E62 /* Resources */,
			);
			buildRules = (
			);
			dependencies = (
				0DA9BBEF1927E288004A9E62 /* PBXTargetDependency */,
			);
			name = VideoTests;
			productName = VideoTests;
			productReference = 0DA9BBE91927E288004A9E62 /* VideoTests.xctest */;
			productType = "com.apple.product-type.bundle.unit-test";
		};
/* End PBXNativeTarget section */

/* Begin PBXProject section */
		0DA9BBC01927E287004A9E62 /* Project object */ = {
			isa = PBXProject;
			attributes = {
				CLASSPREFIX = Video;
				LastUpgradeCheck = 0510;
				ORGANIZATIONNAME = "iOS Coding Lab";
				TargetAttributes = {
					0DA9BBE81927E288004A9E62 = {
						TestTargetID = 0DA9BBC71927E287004A9E62;
					};
				};
			};
			buildConfigurationList = 0DA9BBC31927E287004A9E62 /* Build configuration list for PBXProject "Video" */;
			compatibilityVersion = "Xcode 3.2";
			developmentRegion = English;
			hasScannedForEncodings = 0;
			knownRegions = (
				en,
				Base,
			);
			mainGroup = 0DA9BBBF1927E287004A9E62;
			productRefGroup = 0DA9BBC91927E287004A9E62 /* Products */;
			projectDirPath = "";
			projectRoot = "";
			targets = (
				0DA9BBC71927E287004A9E62 /* Video */,
				0DA9BBE81927E288004A9E62 /* VideoTests */,
			);
		};
/* End PBXProject section */

/* Begin PBXResourcesBuildPhase section */
		0DA9BBC61927E287004A9E62 /* Resources */ = {
			isa = PBXResourcesBuildPhase;
			buildActionMask = 2147483647;
			files = (
				0DA9BBE41927E288004A9E62 /* Images.xcassets in Resources */,
				0DA9BC071927F266004A9E62 /* song.mp3 in Resources */,
				0DA9BBD61927E287004A9E62 /* InfoPlist.strings in Resources */,
				0DA9BBDF1927E288004A9E62 /* Main.storyboard in Resources */,
				0DA9BC031927E913004A9E62 /* ted.mp4 in Resources */,
			);
			runOnlyForDeploymentPostprocessing = 0;
		};
		0DA9BBE71927E288004A9E62 /* Resources */ = {
			isa = PBXResourcesBuildPhase;
			buildActionMask = 2147483647;
			files = (
				0DA9BBF51927E288004A9E62 /* InfoPlist.strings in Resources */,
			);
			runOnlyForDeploymentPostprocessing = 0;
		};
/* End PBXResourcesBuildPhase section */

/* Begin PBXSourcesBuildPhase section */
		0DA9BBC41927E287004A9E62 /* Sources */ = {
			isa = PBXSourcesBuildPhase;
			buildActionMask = 2147483647;
			files = (
				0DA9BBDC1927E288004A9E62 /* VideoAppDelegate.m in Sources */,
				0DA9BBD81927E287004A9E62 /* main.m in Sources */,
				0DA9BBE21927E288004A9E62 /* VideoViewController.m in Sources */,
			);
			runOnlyForDeploymentPostprocessing = 0;
		};
		0DA9BBE51927E288004A9E62 /* Sources */ = {
			isa = PBXSourcesBuildPhase;
			buildActionMask = 2147483647;
			files = (
				0DA9BBF71927E288004A9E62 /* VideoTests.m in Sources */,
			);
			runOnlyForDeploymentPostprocessing = 0;
		};
/* End PBXSourcesBuildPhase section */

/* Begin PBXTargetDependency section */
		0DA9BBEF1927E288004A9E62 /* PBXTargetDependency */ = {
			isa = PBXTargetDependency;
			target = 0DA9BBC71927E287004A9E62 /* Video */;
			targetProxy = 0DA9BBEE1927E288004A9E62 /* PBXContainerItemProxy */;
		};
/* End PBXTargetDependency section */

/* Begin PBXVariantGroup section */
		0DA9BBD41927E287004A9E62 /* InfoPlist.strings */ = {
			isa = PBXVariantGroup;
			children = (
				0DA9BBD51927E287004A9E62 /* en */,
			);
			name = InfoPlist.strings;
			sourceTree = "<group>";
		};
		0DA9BBDD1927E288004A9E62 /* Main.storyboard */ = {
			isa = PBXVariantGroup;
			children = (
				0DA9BBDE1927E288004A9E62 /* Base */,
			);
			name = Main.storyboard;
			sourceTree = "<group>";
		};
		0DA9BBF31927E288004A9E62 /* InfoPlist.strings */ = {
			isa = PBXVariantGroup;
			children = (
				0DA9BBF41927E288004A9E62 /* en */,
			);
			name = InfoPlist.strings;
			sourceTree = "<group>";
		};
/* End PBXVariantGroup section */

/* Begin XCBuildConfiguration section */
		0DA9BBF81927E288004A9E62 /* Debug */ = {
			isa = XCBuildConfiguration;
			buildSettings = {
				ALWAYS_SEARCH_USER_PATHS = NO;
				CLANG_CXX_LANGUAGE_STANDARD = "gnu++0x";
				CLANG_CXX_LIBRARY = "libc++";
				CLANG_ENABLE_MODULES = YES;
				CLANG_ENABLE_OBJC_ARC = YES;
				CLANG_WARN_BOOL_CONVERSION = YES;
				CLANG_WARN_CONSTANT_CONVERSION = YES;
				CLANG_WARN_DIRECT_OBJC_ISA_USAGE = YES_ERROR;
				CLANG_WARN_EMPTY_BODY = YES;
				CLANG_WARN_ENUM_CONVERSION = YES;
				CLANG_WARN_INT_CONVERSION = YES;
				CLANG_WARN_OBJC_ROOT_CLASS = YES_ERROR;
				CLANG_WARN__DUPLICATE_METHOD_MATCH = YES;
				"CODE_SIGN_IDENTITY[sdk=iphoneos*]" = "iPhone Developer";
				COPY_PHASE_STRIP = NO;
				GCC_C_LANGUAGE_STANDARD = gnu99;
				GCC_DYNAMIC_NO_PIC = NO;
				GCC_OPTIMIZATION_LEVEL = 0;
				GCC_PREPROCESSOR_DEFINITIONS = (
					"DEBUG=1",
					"$(inherited)",
				);
				GCC_SYMBOLS_PRIVATE_EXTERN = NO;
				GCC_WARN_64_TO_32_BIT_CONVERSION = YES;
				GCC_WARN_ABOUT_RETURN_TYPE = YES_ERROR;
				GCC_WARN_UNDECLARED_SELECTOR = YES;
				GCC_WARN_UNINITIALIZED_AUTOS = YES_AGGRESSIVE;
				GCC_WARN_UNUSED_FUNCTION = YES;
				GCC_WARN_UNUSED_VARIABLE = YES;
				IPHONEOS_DEPLOYMENT_TARGET = 7.1;
				ONLY_ACTIVE_ARCH = YES;
				SDKROOT = iphoneos;
			};
			name = Debug;
		};
		0DA9BBF91927E288004A9E62 /* Release */ = {
			isa = XCBuildConfiguration;
			buildSettings = {
				ALWAYS_SEARCH_USER_PATHS = NO;
				CLANG_CXX_LANGUAGE_STANDARD = "gnu++0x";
				CLANG_CXX_LIBRARY = "libc++";
				CLANG_ENABLE_MODULES = YES;
				CLANG_ENABLE_OBJC_ARC = YES;
				CLANG_WARN_BOOL_CONVERSION = YES;
				CLANG_WARN_CONSTANT_CONVERSION = YES;
				CLANG_WARN_DIRECT_OBJC_ISA_USAGE = YES_ERROR;
				CLANG_WARN_EMPTY_BODY = YES;
				CLANG_WARN_ENUM_CONVERSION = YES;
				CLANG_WARN_INT_CONVERSION = YES;
				CLANG_WARN_OBJC_ROOT_CLASS = YES_ERROR;
				CLANG_WARN__DUPLICATE_METHOD_MATCH = YES;
				"CODE_SIGN_IDENTITY[sdk=iphoneos*]" = "iPhone Developer";
				COPY_PHASE_STRIP = YES;
				ENABLE_NS_ASSERTIONS = NO;
				GCC_C_LANGUAGE_STANDARD = gnu99;
				GCC_WARN_64_TO_32_BIT_CONVERSION = YES;
				GCC_WARN_ABOUT_RETURN_TYPE = YES_ERROR;
				GCC_WARN_UNDECLARED_SELECTOR = YES;
				GCC_WARN_UNINITIALIZED_AUTOS = YES_AGGRESSIVE;
				GCC_WARN_UNUSED_FUNCTION = YES;
				GCC_WARN_UNUSED_VARIABLE = YES;
				IPHONEOS_DEPLOYMENT_TARGET = 7.1;
				SDKROOT = iphoneos;
				VALIDATE_PRODUCT = YES;
			};
			name = Release;
		};
		0DA9BBFB1927E288004A9E62 /* Debug */ = {
			isa = XCBuildConfiguration;
			buildSettings = {
				ASSETCATALOG_COMPILER_APPICON_NAME = AppIcon;
				ASSETCATALOG_COMPILER_LAUNCHIMAGE_NAME = LaunchImage;
				GCC_PRECOMPILE_PREFIX_HEADER = YES;
				GCC_PREFIX_HEADER = "Video/Video-Prefix.pch";
				INFOPLIST_FILE = "Video/Video-Info.plist";
				PRODUCT_NAME = "$(TARGET_NAME)";
				WRAPPER_EXTENSION = app;
			};
			name = Debug;
		};
		0DA9BBFC1927E288004A9E62 /* Release */ = {
			isa = XCBuildConfiguration;
			buildSettings = {
				ASSETCATALOG_COMPILER_APPICON_NAME = AppIcon;
				ASSETCATALOG_COMPILER_LAUNCHIMAGE_NAME = LaunchImage;
				GCC_PRECOMPILE_PREFIX_HEADER = YES;
				GCC_PREFIX_HEADER = "Video/Video-Prefix.pch";
				INFOPLIST_FILE = "Video/Video-Info.plist";
				PRODUCT_NAME = "$(TARGET_NAME)";
				WRAPPER_EXTENSION = app;
			};
			name = Release;
		};
		0DA9BBFE1927E288004A9E62 /* Debug */ = {
			isa = XCBuildConfiguration;
			buildSettings = {
				BUNDLE_LOADER = "$(BUILT_PRODUCTS_DIR)/Video.app/Video";
				FRAMEWORK_SEARCH_PATHS = (
					"$(SDKROOT)/Developer/Library/Frameworks",
					"$(inherited)",
					"$(DEVELOPER_FRAMEWORKS_DIR)",
				);
				GCC_PRECOMPILE_PREFIX_HEADER = YES;
				GCC_PREFIX_HEADER = "Video/Video-Prefix.pch";
				GCC_PREPROCESSOR_DEFINITIONS = (
					"DEBUG=1",
					"$(inherited)",
				);
				INFOPLIST_FILE = "VideoTests/VideoTests-Info.plist";
				PRODUCT_NAME = "$(TARGET_NAME)";
				TEST_HOST = "$(BUNDLE_LOADER)";
				WRAPPER_EXTENSION = xctest;
			};
			name = Debug;
		};
		0DA9BBFF1927E288004A9E62 /* Release */ = {
			isa = XCBuildConfiguration;
			buildSettings = {
				BUNDLE_LOADER = "$(BUILT_PRODUCTS_DIR)/Video.app/Video";
				FRAMEWORK_SEARCH_PATHS = (
					"$(SDKROOT)/Developer/Library/Frameworks",
					"$(inherited)",
					"$(DEVELOPER_FRAMEWORKS_DIR)",
				);
				GCC_PRECOMPILE_PREFIX_HEADER = YES;
				GCC_PREFIX_HEADER = "Video/Video-Prefix.pch";
				INFOPLIST_FILE = "VideoTests/VideoTests-Info.plist";
				PRODUCT_NAME = "$(TARGET_NAME)";
				TEST_HOST = "$(BUNDLE_LOADER)";
				WRAPPER_EXTENSION = xctest;
			};
			name = Release;
		};
/* End XCBuildConfiguration section */

/* Begin XCConfigurationList section */
		0DA9BBC31927E287004A9E62 /* Build configuration list for PBXProject "Video" */ = {
			isa = XCConfigurationList;
			buildConfigurations = (
				0DA9BBF81927E288004A9E62 /* Debug */,
				0DA9BBF91927E288004A9E62 /* Release */,
			);
			defaultConfigurationIsVisible = 0;
			defaultConfigurationName = Release;
		};
		0DA9BBFA1927E288004A9E62 /* Build configuration list for PBXNativeTarget "Video" */ = {
			isa = XCConfigurationList;
			buildConfigurations = (
				0DA9BBFB1927E288004A9E62 /* Debug */,
				0DA9BBFC1927E288004A9E62 /* Release */,
			);
			defaultConfigurationIsVisible = 0;
		};
		0DA9BBFD1927E288004A9E62 /* Build configuration list for PBXNativeTarget "VideoTests" */ = {
			isa = XCConfigurationList;
			buildConfigurations = (
				0DA9BBFE1927E288004A9E62 /* Debug */,
				0DA9BBFF1927E288004A9E62 /* Release */,
			);
			defaultConfigurationIsVisible = 0;
		};
/* End XCConfigurationList section */
	};
	rootObject = 0DA9BBC01927E287004A9E62 /* Project object */;
}
